
Microsoft Visual Studio Solution File, Format Version 12.00
# Visual Studio Version 17
VisualStudioVersion = 17.4.33103.184
MinimumVisualStudioVersion = 10.0.40219.1
Project("{FAE04EC0-301F-11D3-BF4B-00C04F79EFBC}") = "VitalCareWeb", "VitalCareWeb\VitalCareWeb.csproj", "{2078E5F7-B08C-4005-8E04-3AB65BD8F266}"
EndProject
Global
	GlobalSection(SolutionConfigurationPlatforms) = preSolution
		Debug|Any CPU = Debug|Any CPU
		Release|Any CPU = Release|Any CPU
	EndGlobalSection
	GlobalSection(ProjectConfigurationPlatforms) = postSolution
		{2078E5F7-B08C-4005-8E04-3AB65BD8F266}.Debug|Any CPU.ActiveCfg = Debug|Any CPU
		{2078E5F7-B08C-4005-8E04-3AB65BD8F266}.Debug|Any CPU.Build.0 = Debug|Any CPU
		{2078E5F7-B08C-4005-8E04-3AB65BD8F266}.Release|Any CPU.ActiveCfg = Release|Any CPU
		{2078E5F7-B08C-4005-8E04-3AB65BD8F266}.Release|Any CPU.Build.0 = Release|Any CPU
	EndGlobalSection
	GlobalSection(SolutionProperties) = preSolution
		HideSolutionNode = FALSE
	EndGlobalSection
	GlobalSection(ExtensibilityGlobals) = postSolution
		SolutionGuid = {83DABC4D-FFA1-4CEF-9906-968B1916419E}
	EndGlobalSection
EndGlobal
